
Microsoft Visual Studio Solution File, Format Version 12.00
# Visual Studio Version 17
VisualStudioVersion = 17.0.31912.275
MinimumVisualStudioVersion = 10.0.40219.1
Project("{9A19103F-16F7-4668-BE54-9A1E7A4F7556}") = "Filtery", "src\Filtery\Filtery.csproj", "{ACA2F626-F0BF-435F-8315-0B3F62A87BAD}"
EndProject
Project("{9A19103F-16F7-4668-BE54-9A1E7A4F7556}") = "Filtery.Samples", "samples\Filtery.Samples\Filtery.Samples.csproj", "{5F6971B7-A76F-4234-BF4A-865ADF1077E7}"
EndProject
Project("{FAE04EC0-301F-11D3-BF4B-00C04F79EFBC}") = "Filtery.Tests", "src\Filtery.Tests\Filtery.Tests.csproj", "{69DF07B5-5618-4F0B-B4F0-74B2E20BC8E4}"
EndProject
Global
	GlobalSection(SolutionConfigurationPlatforms) = preSolution
		Debug|Any CPU = Debug|Any CPU
		Release|Any CPU = Release|Any CPU
	EndGlobalSection
	GlobalSection(ProjectConfigurationPlatforms) = postSolution
		{ACA2F626-F0BF-435F-8315-0B3F62A87BAD}.Debug|Any CPU.ActiveCfg = Debug|Any CPU
		{ACA2F626-F0BF-435F-8315-0B3F62A87BAD}.Debug|Any CPU.Build.0 = Debug|Any CPU
		{ACA2F626-F0BF-435F-8315-0B3F62A87BAD}.Release|Any CPU.ActiveCfg = Release|Any CPU
		{ACA2F626-F0BF-435F-8315-0B3F62A87BAD}.Release|Any CPU.Build.0 = Release|Any CPU
		{5F6971B7-A76F-4234-BF4A-865ADF1077E7}.Debug|Any CPU.ActiveCfg = Debug|Any CPU
		{5F6971B7-A76F-4234-BF4A-865ADF1077E7}.Debug|Any CPU.Build.0 = Debug|Any CPU
		{5F6971B7-A76F-4234-BF4A-865ADF1077E7}.Release|Any CPU.ActiveCfg = Release|Any CPU
		{5F6971B7-A76F-4234-BF4A-865ADF1077E7}.Release|Any CPU.Build.0 = Release|Any CPU
		{69DF07B5-5618-4F0B-B4F0-74B2E20BC8E4}.Debug|Any CPU.ActiveCfg = Debug|Any CPU
		{69DF07B5-5618-4F0B-B4F0-74B2E20BC8E4}.Debug|Any CPU.Build.0 = Debug|Any CPU
		{69DF07B5-5618-4F0B-B4F0-74B2E20BC8E4}.Release|Any CPU.ActiveCfg = Release|Any CPU
		{69DF07B5-5618-4F0B-B4F0-74B2E20BC8E4}.Release|Any CPU.Build.0 = Release|Any CPU
	EndGlobalSection
	GlobalSection(SolutionProperties) = preSolution
		HideSolutionNode = FALSE
	EndGlobalSection
	GlobalSection(ExtensibilityGlobals) = postSolution
		SolutionGuid = {C8234272-37C1-4868-94E6-7FC5DE795BC5}
	EndGlobalSection
EndGlobal
